
Microsoft Visual Studio Solution File, Format Version 12.00
# Visual Studio Version 17
VisualStudioVersion = 17.2.32526.322
MinimumVisualStudioVersion = 10.0.40219.1
Project("{FAE04EC0-301F-11D3-BF4B-00C04F79EFBC}") = "BulkyBookWeb", "BulkyBookWeb.csproj", "{39219F26-EAA4-46D7-A2D5-DBB25F3FCF63}"
EndProject
Global
	GlobalSection(SolutionConfigurationPlatforms) = preSolution
		Debug|Any CPU = Debug|Any CPU
		Release|Any CPU = Release|Any CPU
	EndGlobalSection
	GlobalSection(ProjectConfigurationPlatforms) = postSolution
		{39219F26-EAA4-46D7-A2D5-DBB25F3FCF63}.Debug|Any CPU.ActiveCfg = Debug|Any CPU
		{39219F26-EAA4-46D7-A2D5-DBB25F3FCF63}.Debug|Any CPU.Build.0 = Debug|Any CPU
		{39219F26-EAA4-46D7-A2D5-DBB25F3FCF63}.Release|Any CPU.ActiveCfg = Release|Any CPU
		{39219F26-EAA4-46D7-A2D5-DBB25F3FCF63}.Release|Any CPU.Build.0 = Release|Any CPU
	EndGlobalSection
	GlobalSection(SolutionProperties) = preSolution
		HideSolutionNode = FALSE
	EndGlobalSection
	GlobalSection(ExtensibilityGlobals) = postSolution
		SolutionGuid = {A03F74CE-088A-4BC9-82FB-A230E4DB770D}
	EndGlobalSection
EndGlobal
